
Microsoft Visual Studio Solution File, Format Version 11.00
# Visual Studio 2010
Project("{FAE04EC0-301F-11D3-BF4B-00C04F79EFBC}") = "MonoGameTemplate", "MonoGameTemplate\MonoGameTemplate.csproj", "{2E448E02-406B-4916-B127-63DC532EB25D}"
EndProject
Global
	GlobalSection(SolutionConfigurationPlatforms) = preSolution
		Debug|Any CPU = Debug|Any CPU
		Release|Any CPU = Release|Any CPU
	EndGlobalSection
	GlobalSection(ProjectConfigurationPlatforms) = postSolution
		{2E448E02-406B-4916-B127-63DC532EB25D}.Debug|Any CPU.ActiveCfg = Debug|Any CPU
		{2E448E02-406B-4916-B127-63DC532EB25D}.Debug|Any CPU.Build.0 = Debug|Any CPU
		{2E448E02-406B-4916-B127-63DC532EB25D}.Release|Any CPU.ActiveCfg = Release|Any CPU
		{2E448E02-406B-4916-B127-63DC532EB25D}.Release|Any CPU.Build.0 = Release|Any CPU
	EndGlobalSection
	GlobalSection(MonoDevelopProperties) = preSolution
		StartupItem = MonoGameTemplate\MonoGameTemplate.csproj
	EndGlobalSection
EndGlobal
